[hello]
path = "../../../wit/hello"
sha256 = "3680bb734f3fa9f7325674142a2a9b558efd34ea2cb2df7ccb651ad869078d27"
sha512 = "688fdae594dc43bd65bd15ea66b77a8f97cb4bc1c3629719e91d6c1391c66f7c8c6517d096f686cca996188f64f075c4ccb0d70a40097ce76b8b4bcc71dc7506"

[io]
sha256 = "7210e5653539a15478f894d4da24cc69d61924cbcba21d2804d69314a88e5a4c"
sha512 = "49184a1b0945a889abd52d25271172ed3dc2db6968fcdddb1bab7ee0081f4a3eeee0977ad2291126a37631c0d86eeea75d822fa8af224c422134500bf9f0f2bb"

[rpc]
url = "https://github.com/wrpc/rpc/archive/main.tar.gz"
sha256 = "61f1545986917171d3e3dab7edf4286ca1769e73599ba83e1c3667de5ad955e8"
sha512 = "64a16b8fbda6f9335cfd726eb80f9f77ae4551831c443dfad794cb76e2176135015fb1cbef8f50c5b90fd5fec6b2b6feeb8af74010f35c58ca922ad317e26ff7"
deps = ["io"]
