[io]
sha256 = "7210e5653539a15478f894d4da24cc69d61924cbcba21d2804d69314a88e5a4c"
sha512 = "49184a1b0945a889abd52d25271172ed3dc2db6968fcdddb1bab7ee0081f4a3eeee0977ad2291126a37631c0d86eeea75d822fa8af224c422134500bf9f0f2bb"

[keyvalue]
url = "https://github.com/WebAssembly/wasi-keyvalue/archive/main.tar.gz"
sha256 = "4724712166fe3475591c085ec06f2e27e1dd564b71f0fe181175098621fbfe03"
sha512 = "88e0c0e48e5e169726419a7467092d555326a483f0cb616bc896d4853d511989074907750aad36c06f258fa050ebf030cc3566ec01b6f05612bba3c6e8f2690d"
deps = ["io"]
