[blobstore]
url = "https://github.com/WebAssembly/wasi-blobstore/archive/main.tar.gz"
sha256 = "f1829eeab5bf721b5e922b894de30d91ac6badeb1b64d6ce239353fe39c21556"
sha512 = "e34daf3ea4fbc3d9b7a6ba4399fdbf384254b309f0eacf39a7b685ef7e77ac0e26934f911c713089a9d19a2b6bd93f6eb95ca09239dc18becba7bba3fb794fd7"
deps = ["io"]

[io]
sha256 = "7210e5653539a15478f894d4da24cc69d61924cbcba21d2804d69314a88e5a4c"
sha512 = "49184a1b0945a889abd52d25271172ed3dc2db6968fcdddb1bab7ee0081f4a3eeee0977ad2291126a37631c0d86eeea75d822fa8af224c422134500bf9f0f2bb"
